// !$*UTF8*$!
{
	archiveVersion = 1;
	classes = {
	};
	objectVersion = 46;
	objects = {

/* Begin PBXBuildFile section */
		B3902C94182E4849ADA146EC /* libPods-Walt.a in Frameworks */ = {isa = PBXBuildFile; fileRef = 1D22E42E3BAB4FE1ACBC9A75 /* libPods-Walt.a */; };
		EF3F35B419C5B7960035EBFF /* visa1.png in Resources */ = {isa = PBXBuildFile; fileRef = EF3F35B319C5B7960035EBFF /* visa1.png */; };
		EF3F35B719C5B84A0035EBFF /* PaymentTableViewCell.m in Sources */ = {isa = PBXBuildFile; fileRef = EF3F35B619C5B84A0035EBFF /* PaymentTableViewCell.m */; };
		EF4DFAFF19C5C8E300F53EBA /* finish.png in Resources */ = {isa = PBXBuildFile; fileRef = EF4DFAFE19C5C8E300F53EBA /* finish.png */; };
		EF4DFB0119C5CE0500F53EBA /* Checkmark.png in Resources */ = {isa = PBXBuildFile; fileRef = EF4DFB0019C5CE0500F53EBA /* Checkmark.png */; };
		EF4DFB0419C5D03E00F53EBA /* FinalViewController.m in Sources */ = {isa = PBXBuildFile; fileRef = EF4DFB0319C5D03E00F53EBA /* FinalViewController.m */; };
		EF62C45219C5110A00C65EEA /* Foundation.framework in Frameworks */ = {isa = PBXBuildFile; fileRef = EF62C45119C5110A00C65EEA /* Foundation.framework */; };
		EF62C45419C5110A00C65EEA /* CoreGraphics.framework in Frameworks */ = {isa = PBXBuildFile; fileRef = EF62C45319C5110A00C65EEA /* CoreGraphics.framework */; };
		EF62C45619C5110A00C65EEA /* UIKit.framework in Frameworks */ = {isa = PBXBuildFile; fileRef = EF62C45519C5110A00C65EEA /* UIKit.framework */; };
		EF62C45C19C5110A00C65EEA /* InfoPlist.strings in Resources */ = {isa = PBXBuildFile; fileRef = EF62C45A19C5110A00C65EEA /* InfoPlist.strings */; };
		EF62C45E19C5110A00C65EEA /* main.m in Sources */ = {isa = PBXBuildFile; fileRef = EF62C45D19C5110A00C65EEA /* main.m */; };
		EF62C46219C5110A00C65EEA /* WaltAppDelegate.m in Sources */ = {isa = PBXBuildFile; fileRef = EF62C46119C5110A00C65EEA /* WaltAppDelegate.m */; };
		EF62C46519C5110A00C65EEA /* Main.storyboard in Resources */ = {isa = PBXBuildFile; fileRef = EF62C46319C5110A00C65EEA /* Main.storyboard */; };
		EF62C46D19C5110A00C65EEA /* Images.xcassets in Resources */ = {isa = PBXBuildFile; fileRef = EF62C46C19C5110A00C65EEA /* Images.xcassets */; };
		EF62C47419C5110A00C65EEA /* XCTest.framework in Frameworks */ = {isa = PBXBuildFile; fileRef = EF62C47319C5110A00C65EEA /* XCTest.framework */; };
		EF62C47519C5110A00C65EEA /* Foundation.framework in Frameworks */ = {isa = PBXBuildFile; fileRef = EF62C45119C5110A00C65EEA /* Foundation.framework */; };
		EF62C47619C5110A00C65EEA /* UIKit.framework in Frameworks */ = {isa = PBXBuildFile; fileRef = EF62C45519C5110A00C65EEA /* UIKit.framework */; };
		EF62C47E19C5110A00C65EEA /* InfoPlist.strings in Resources */ = {isa = PBXBuildFile; fileRef = EF62C47C19C5110A00C65EEA /* InfoPlist.strings */; };
		EF62C48019C5110A00C65EEA /* WaltTests.m in Sources */ = {isa = PBXBuildFile; fileRef = EF62C47F19C5110A00C65EEA /* WaltTests.m */; };
		EF62C48B19C5120C00C65EEA /* CoreBluetooth.framework in Frameworks */ = {isa = PBXBuildFile; fileRef = EF62C48919C5120C00C65EEA /* CoreBluetooth.framework */; };
		EF62C48C19C5120C00C65EEA /* CoreLocation.framework in Frameworks */ = {isa = PBXBuildFile; fileRef = EF62C48A19C5120C00C65EEA /* CoreLocation.framework */; };
		EF62C48E19C5124000C65EEA /* libEstimoteSDK.a in Frameworks */ = {isa = PBXBuildFile; fileRef = EF62C48D19C5124000C65EEA /* libEstimoteSDK.a */; };
		EF62C49119C5127E00C65EEA /* AppData.m in Sources */ = {isa = PBXBuildFile; fileRef = EF62C49019C5127E00C65EEA /* AppData.m */; };
		EF62C49419C513FF00C65EEA /* RestaurantLandingViewController.m in Sources */ = {isa = PBXBuildFile; fileRef = EF62C49319C513FF00C65EEA /* RestaurantLandingViewController.m */; };
		EF62C49719C5142200C65EEA /* MenuItem.m in Sources */ = {isa = PBXBuildFile; fileRef = EF62C49619C5142200C65EEA /* MenuItem.m */; };
		EF62C49A19C5143300C65EEA /* Restaurant.m in Sources */ = {isa = PBXBuildFile; fileRef = EF62C49919C5143300C65EEA /* Restaurant.m */; };
		EF62C49D19C514F000C65EEA /* WaltMenuTableViewController.m in Sources */ = {isa = PBXBuildFile; fileRef = EF62C49C19C514F000C65EEA /* WaltMenuTableViewController.m */; };
		EF62C4A019C5163F00C65EEA /* RedButton.png in Resources */ = {isa = PBXBuildFile; fileRef = EF62C49F19C5163F00C65EEA /* RedButton.png */; };
		EF62C4A219C51A2900C65EEA /* KabobAndCurry.png in Resources */ = {isa = PBXBuildFile; fileRef = EF62C4A119C51A2900C65EEA /* KabobAndCurry.png */; };
		EF62C4AA19C5236400C65EEA /* Stars-0.png in Resources */ = {isa = PBXBuildFile; fileRef = EF62C4A419C5236400C65EEA /* Stars-0.png */; };
		EF62C4AB19C5236400C65EEA /* Stars-1.png in Resources */ = {isa = PBXBuildFile; fileRef = EF62C4A519C5236400C65EEA /* Stars-1.png */; };
		EF62C4AC19C5236400C65EEA /* Stars-2.png in Resources */ = {isa = PBXBuildFile; fileRef = EF62C4A619C5236400C65EEA /* Stars-2.png */; };
		EF62C4AD19C5236400C65EEA /* Stars-3.png in Resources */ = {isa = PBXBuildFile; fileRef = EF62C4A719C5236400C65EEA /* Stars-3.png */; };
		EF62C4AE19C5236400C65EEA /* Stars-4.png in Resources */ = {isa = PBXBuildFile; fileRef = EF62C4A819C5236400C65EEA /* Stars-4.png */; };
		EF62C4AF19C5236400C65EEA /* Stars-5.png in Resources */ = {isa = PBXBuildFile; fileRef = EF62C4A919C5236400C65EEA /* Stars-5.png */; };
		EF62C4B219C5255300C65EEA /* WaltTableViewCell.m in Sources */ = {isa = PBXBuildFile; fileRef = EF62C4B119C5255300C65EEA /* WaltTableViewCell.m */; };
		EF62C4B619C5316E00C65EEA /* ChickenBiryani.png in Resources */ = {isa = PBXBuildFile; fileRef = EF62C4B419C5316E00C65EEA /* ChickenBiryani.png */; };
		EF62C4B719C5316E00C65EEA /* ShahiPaneer.png in Resources */ = {isa = PBXBuildFile; fileRef = EF62C4B519C5316E00C65EEA /* ShahiPaneer.png */; };
		EF62C4BA19C5470600C65EEA /* WaltTableViewMenuCell.m in Sources */ = {isa = PBXBuildFile; fileRef = EF62C4B919C5470600C65EEA /* WaltTableViewMenuCell.m */; };
		EF62C4BC19C54F6B00C65EEA /* DalTadka.png in Resources */ = {isa = PBXBuildFile; fileRef = EF62C4BB19C54F6B00C65EEA /* DalTadka.png */; };
		EF62C4BE19C5509800C65EEA /* EggCurry.png in Resources */ = {isa = PBXBuildFile; fileRef = EF62C4BD19C5509800C65EEA /* EggCurry.png */; };
		EF62C4C019C550A400C65EEA /* GulabJamun.png in Resources */ = {isa = PBXBuildFile; fileRef = EF62C4BF19C550A400C65EEA /* GulabJamun.png */; };
		EF62C4C219C550AA00C65EEA /* Kulfi.png in Resources */ = {isa = PBXBuildFile; fileRef = EF62C4C119C550AA00C65EEA /* Kulfi.png */; };
		EF62C4C419C550B300C65EEA /* MangoLassi.png in Resources */ = {isa = PBXBuildFile; fileRef = EF62C4C319C550B300C65EEA /* MangoLassi.png */; };
		EF62C4C619C550BA00C65EEA /* PaneerTikka.png in Resources */ = {isa = PBXBuildFile; fileRef = EF62C4C519C550BA00C65EEA /* PaneerTikka.png */; };
		EF62C4C819C550C200C65EEA /* Samosa.png in Resources */ = {isa = PBXBuildFile; fileRef = EF62C4C719C550C200C65EEA /* Samosa.png */; };
		EF62C4CB19C5510400C65EEA /* AddItem.png in Resources */ = {isa = PBXBuildFile; fileRef = EF62C4C919C5510400C65EEA /* AddItem.png */; };
		EF62C4CC19C5510400C65EEA /* CheckedItem.png in Resources */ = {isa = PBXBuildFile; fileRef = EF62C4CA19C5510400C65EEA /* CheckedItem.png */; };
		EF62C4CF19C5715E00C65EEA /* WaltConfirmOrderTableViewController.m in Sources */ = {isa = PBXBuildFile; fileRef = EF62C4CE19C5715E00C65EEA /* WaltConfirmOrderTableViewController.m */; };
		EF62C4D219C5740C00C65EEA /* WaltReviewOrderTableViewCell.m in Sources */ = {isa = PBXBuildFile; fileRef = EF62C4D119C5740C00C65EEA /* WaltReviewOrderTableViewCell.m */; };
		EF62C52719C5AF8300C65EEA /* WaltPaymentViewController.m in Sources */ = {isa = PBXBuildFile; fileRef = EF62C52619C5AF8300C65EEA /* WaltPaymentViewController.m */; };
/* End PBXBuildFile section */

/* Begin PBXContainerItemProxy section */
		EF62C47719C5110A00C65EEA /* PBXContainerItemProxy */ = {
			isa = PBXContainerItemProxy;
			containerPortal = EF62C44619C5110A00C65EEA /* Project object */;
			proxyType = 1;
			remoteGlobalIDString = EF62C44D19C5110A00C65EEA;
			remoteInfo = Walt;
		};
/* End PBXContainerItemProxy section */

/* Begin PBXFileReference section */
		1D22E42E3BAB4FE1ACBC9A75 /* libPods-Walt.a */ = {isa = PBXFileReference; explicitFileType = archive.ar; includeInIndex = 0; path = "libPods-Walt.a"; sourceTree = BUILT_PRODUCTS_DIR; };
		9E06507ED25C478EB7565CE5 /* Pods-Walt.xcconfig */ = {isa = PBXFileReference; includeInIndex = 1; lastKnownFileType = text.xcconfig; name = "Pods-Walt.xcconfig"; path = "Pods/Pods-Walt.xcconfig"; sourceTree = "<group>"; };
		EF3F35B319C5B7960035EBFF /* visa1.png */ = {isa = PBXFileReference; lastKnownFileType = image.png; path = visa1.png; sourceTree = "<group>"; };
		EF3F35B519C5B84A0035EBFF /* PaymentTableViewCell.h */ = {isa = PBXFileReference; fileEncoding = 4; lastKnownFileType = sourcecode.c.h; path = PaymentTableViewCell.h; sourceTree = "<group>"; };
		EF3F35B619C5B84A0035EBFF /* PaymentTableViewCell.m */ = {isa = PBXFileReference; fileEncoding = 4; lastKnownFileType = sourcecode.c.objc; path = PaymentTableViewCell.m; sourceTree = "<group>"; };
		EF4DFAFE19C5C8E300F53EBA /* finish.png */ = {isa = PBXFileReference; lastKnownFileType = image.png; path = finish.png; sourceTree = "<group>"; };
		EF4DFB0019C5CE0500F53EBA /* Checkmark.png */ = {isa = PBXFileReference; lastKnownFileType = image.png; path = Checkmark.png; sourceTree = "<group>"; };
		EF4DFB0219C5D03E00F53EBA /* FinalViewController.h */ = {isa = PBXFileReference; fileEncoding = 4; lastKnownFileType = sourcecode.c.h; path = FinalViewController.h; sourceTree = "<group>"; };
		EF4DFB0319C5D03E00F53EBA /* FinalViewController.m */ = {isa = PBXFileReference; fileEncoding = 4; lastKnownFileType = sourcecode.c.objc; path = FinalViewController.m; sourceTree = "<group>"; };
		EF62C44E19C5110A00C65EEA /* Walt.app */ = {isa = PBXFileReference; explicitFileType = wrapper.application; includeInIndex = 0; path = Walt.app; sourceTree = BUILT_PRODUCTS_DIR; };
		EF62C45119C5110A00C65EEA /* Foundation.framework */ = {isa = PBXFileReference; lastKnownFileType = wrapper.framework; name = Foundation.framework; path = System/Library/Frameworks/Foundation.framework; sourceTree = SDKROOT; };
		EF62C45319C5110A00C65EEA /* CoreGraphics.framework */ = {isa = PBXFileReference; lastKnownFileType = wrapper.framework; name = CoreGraphics.framework; path = System/Library/Frameworks/CoreGraphics.framework; sourceTree = SDKROOT; };
		EF62C45519C5110A00C65EEA /* UIKit.framework */ = {isa = PBXFileReference; lastKnownFileType = wrapper.framework; name = UIKit.framework; path = System/Library/Frameworks/UIKit.framework; sourceTree = SDKROOT; };
		EF62C45919C5110A00C65EEA /* Walt-Info.plist */ = {isa = PBXFileReference; lastKnownFileType = text.plist.xml; path = "Walt-Info.plist"; sourceTree = "<group>"; };
		EF62C45B19C5110A00C65EEA /* en */ = {isa = PBXFileReference; lastKnownFileType = text.plist.strings; name = en; path = en.lproj/InfoPlist.strings; sourceTree = "<group>"; };
		EF62C45D19C5110A00C65EEA /* main.m */ = {isa = PBXFileReference; lastKnownFileType = sourcecode.c.objc; path = main.m; sourceTree = "<group>"; };
		EF62C45F19C5110A00C65EEA /* Walt-Prefix.pch */ = {isa = PBXFileReference; lastKnownFileType = sourcecode.c.h; path = "Walt-Prefix.pch"; sourceTree = "<group>"; };
		EF62C46019C5110A00C65EEA /* WaltAppDelegate.h */ = {isa = PBXFileReference; lastKnownFileType = sourcecode.c.h; path = WaltAppDelegate.h; sourceTree = "<group>"; };
		EF62C46119C5110A00C65EEA /* WaltAppDelegate.m */ = {isa = PBXFileReference; lastKnownFileType = sourcecode.c.objc; path = WaltAppDelegate.m; sourceTree = "<group>"; };
		EF62C46419C5110A00C65EEA /* Base */ = {isa = PBXFileReference; lastKnownFileType = file.storyboard; name = Base; path = Base.lproj/Main.storyboard; sourceTree = "<group>"; };
		EF62C46C19C5110A00C65EEA /* Images.xcassets */ = {isa = PBXFileReference; lastKnownFileType = folder.assetcatalog; path = Images.xcassets; sourceTree = "<group>"; };
		EF62C47219C5110A00C65EEA /* WaltTests.xctest */ = {isa = PBXFileReference; explicitFileType = wrapper.cfbundle; includeInIndex = 0; path = WaltTests.xctest; sourceTree = BUILT_PRODUCTS_DIR; };
		EF62C47319C5110A00C65EEA /* XCTest.framework */ = {isa = PBXFileReference; lastKnownFileType = wrapper.framework; name = XCTest.framework; path = Library/Frameworks/XCTest.framework; sourceTree = DEVELOPER_DIR; };
		EF62C47B19C5110A00C65EEA /* WaltTests-Info.plist */ = {isa = PBXFileReference; lastKnownFileType = text.plist.xml; path = "WaltTests-Info.plist"; sourceTree = "<group>"; };
		EF62C47D19C5110A00C65EEA /* en */ = {isa = PBXFileReference; lastKnownFileType = text.plist.strings; name = en; path = en.lproj/InfoPlist.strings; sourceTree = "<group>"; };
		EF62C47F19C5110A00C65EEA /* WaltTests.m */ = {isa = PBXFileReference; lastKnownFileType = sourcecode.c.objc; path = WaltTests.m; sourceTree = "<group>"; };
		EF62C48919C5120C00C65EEA /* CoreBluetooth.framework */ = {isa = PBXFileReference; lastKnownFileType = wrapper.framework; name = CoreBluetooth.framework; path = System/Library/Frameworks/CoreBluetooth.framework; sourceTree = SDKROOT; };
		EF62C48A19C5120C00C65EEA /* CoreLocation.framework */ = {isa = PBXFileReference; lastKnownFileType = wrapper.framework; name = CoreLocation.framework; path = System/Library/Frameworks/CoreLocation.framework; sourceTree = SDKROOT; };
		EF62C48D19C5124000C65EEA /* libEstimoteSDK.a */ = {isa = PBXFileReference; lastKnownFileType = archive.ar; path = libEstimoteSDK.a; sourceTree = "<group>"; };
		EF62C48F19C5127E00C65EEA /* AppData.h */ = {isa = PBXFileReference; fileEncoding = 4; lastKnownFileType = sourcecode.c.h; path = AppData.h; sourceTree = "<group>"; };
		EF62C49019C5127E00C65EEA /* AppData.m */ = {isa = PBXFileReference; fileEncoding = 4; lastKnownFileType = sourcecode.c.objc; path = AppData.m; sourceTree = "<group>"; };
		EF62C49219C513FF00C65EEA /* RestaurantLandingViewController.h */ = {isa = PBXFileReference; fileEncoding = 4; lastKnownFileType = sourcecode.c.h; path = RestaurantLandingViewController.h; sourceTree = "<group>"; };
		EF62C49319C513FF00C65EEA /* RestaurantLandingViewController.m */ = {isa = PBXFileReference; fileEncoding = 4; lastKnownFileType = sourcecode.c.objc; path = RestaurantLandingViewController.m; sourceTree = "<group>"; };
		EF62C49519C5142200C65EEA /* MenuItem.h */ = {isa = PBXFileReference; fileEncoding = 4; lastKnownFileType = sourcecode.c.h; path = MenuItem.h; sourceTree = "<group>"; };
		EF62C49619C5142200C65EEA /* MenuItem.m */ = {isa = PBXFileReference; fileEncoding = 4; lastKnownFileType = sourcecode.c.objc; path = MenuItem.m; sourceTree = "<group>"; };
		EF62C49819C5143300C65EEA /* Restaurant.h */ = {isa = PBXFileReference; fileEncoding = 4; lastKnownFileType = sourcecode.c.h; path = Restaurant.h; sourceTree = "<group>"; };
		EF62C49919C5143300C65EEA /* Restaurant.m */ = {isa = PBXFileReference; fileEncoding = 4; lastKnownFileType = sourcecode.c.objc; path = Restaurant.m; sourceTree = "<group>"; };
		EF62C49B19C514F000C65EEA /* WaltMenuTableViewController.h */ = {isa = PBXFileReference; fileEncoding = 4; lastKnownFileType = sourcecode.c.h; path = WaltMenuTableViewController.h; sourceTree = "<group>"; };
		EF62C49C19C514F000C65EEA /* WaltMenuTableViewController.m */ = {isa = PBXFileReference; fileEncoding = 4; lastKnownFileType = sourcecode.c.objc; path = WaltMenuTableViewController.m; sourceTree = "<group>"; };
		EF62C49F19C5163F00C65EEA /* RedButton.png */ = {isa = PBXFileReference; lastKnownFileType = image.png; path = RedButton.png; sourceTree = "<group>"; };
		EF62C4A119C51A2900C65EEA /* KabobAndCurry.png */ = {isa = PBXFileReference; lastKnownFileType = image.png; path = KabobAndCurry.png; sourceTree = "<group>"; };
		EF62C4A419C5236400C65EEA /* Stars-0.png */ = {isa = PBXFileReference; lastKnownFileType = image.png; path = "Stars-0.png"; sourceTree = "<group>"; };
		EF62C4A519C5236400C65EEA /* Stars-1.png */ = {isa = PBXFileReference; lastKnownFileType = image.png; path = "Stars-1.png"; sourceTree = "<group>"; };
		EF62C4A619C5236400C65EEA /* Stars-2.png */ = {isa = PBXFileReference; lastKnownFileType = image.png; path = "Stars-2.png"; sourceTree = "<group>"; };
		EF62C4A719C5236400C65EEA /* Stars-3.png */ = {isa = PBXFileReference; lastKnownFileType = image.png; path = "Stars-3.png"; sourceTree = "<group>"; };
		EF62C4A819C5236400C65EEA /* Stars-4.png */ = {isa = PBXFileReference; lastKnownFileType = image.png; path = "Stars-4.png"; sourceTree = "<group>"; };
		EF62C4A919C5236400C65EEA /* Stars-5.png */ = {isa = PBXFileReference; lastKnownFileType = image.png; path = "Stars-5.png"; sourceTree = "<group>"; };
		EF62C4B019C5255300C65EEA /* WaltTableViewCell.h */ = {isa = PBXFileReference; fileEncoding = 4; lastKnownFileType = sourcecode.c.h; path = WaltTableViewCell.h; sourceTree = "<group>"; };
		EF62C4B119C5255300C65EEA /* WaltTableViewCell.m */ = {isa = PBXFileReference; fileEncoding = 4; lastKnownFileType = sourcecode.c.objc; path = WaltTableViewCell.m; sourceTree = "<group>"; };
		EF62C4B419C5316E00C65EEA /* ChickenBiryani.png */ = {isa = PBXFileReference; lastKnownFileType = image.png; path = ChickenBiryani.png; sourceTree = "<group>"; };
		EF62C4B519C5316E00C65EEA /* ShahiPaneer.png */ = {isa = PBXFileReference; lastKnownFileType = image.png; path = ShahiPaneer.png; sourceTree = "<group>"; };
		EF62C4B819C5470600C65EEA /* WaltTableViewMenuCell.h */ = {isa = PBXFileReference; fileEncoding = 4; lastKnownFileType = sourcecode.c.h; path = WaltTableViewMenuCell.h; sourceTree = "<group>"; };
		EF62C4B919C5470600C65EEA /* WaltTableViewMenuCell.m */ = {isa = PBXFileReference; fileEncoding = 4; lastKnownFileType = sourcecode.c.objc; path = WaltTableViewMenuCell.m; sourceTree = "<group>"; };
		EF62C4BB19C54F6B00C65EEA /* DalTadka.png */ = {isa = PBXFileReference; lastKnownFileType = image.png; path = DalTadka.png; sourceTree = "<group>"; };
		EF62C4BD19C5509800C65EEA /* EggCurry.png */ = {isa = PBXFileReference; lastKnownFileType = image.png; path = EggCurry.png; sourceTree = "<group>"; };
		EF62C4BF19C550A400C65EEA /* GulabJamun.png */ = {isa = PBXFileReference; lastKnownFileType = image.png; path = GulabJamun.png; sourceTree = "<group>"; };
		EF62C4C119C550AA00C65EEA /* Kulfi.png */ = {isa = PBXFileReference; lastKnownFileType = image.png; path = Kulfi.png; sourceTree = "<group>"; };
		EF62C4C319C550B300C65EEA /* MangoLassi.png */ = {isa = PBXFileReference; lastKnownFileType = image.png; path = MangoLassi.png; sourceTree = "<group>"; };
		EF62C4C519C550BA00C65EEA /* PaneerTikka.png */ = {isa = PBXFileReference; lastKnownFileType = image.png; path = PaneerTikka.png; sourceTree = "<group>"; };
		EF62C4C719C550C200C65EEA /* Samosa.png */ = {isa = PBXFileReference; lastKnownFileType = image.png; path = Samosa.png; sourceTree = "<group>"; };
		EF62C4C919C5510400C65EEA /* AddItem.png */ = {isa = PBXFileReference; lastKnownFileType = image.png; path = AddItem.png; sourceTree = "<group>"; };
		EF62C4CA19C5510400C65EEA /* CheckedItem.png */ = {isa = PBXFileReference; lastKnownFileType = image.png; path = CheckedItem.png; sourceTree = "<group>"; };
		EF62C4CD19C5715E00C65EEA /* WaltConfirmOrderTableViewController.h */ = {isa = PBXFileReference; fileEncoding = 4; lastKnownFileType = sourcecode.c.h; path = WaltConfirmOrderTableViewController.h; sourceTree = "<group>"; };
		EF62C4CE19C5715E00C65EEA /* WaltConfirmOrderTableViewController.m */ = {isa = PBXFileReference; fileEncoding = 4; lastKnownFileType = sourcecode.c.objc; path = WaltConfirmOrderTableViewController.m; sourceTree = "<group>"; };
		EF62C4D019C5740C00C65EEA /* WaltReviewOrderTableViewCell.h */ = {isa = PBXFileReference; fileEncoding = 4; lastKnownFileType = sourcecode.c.h; path = WaltReviewOrderTableViewCell.h; sourceTree = "<group>"; };
		EF62C4D119C5740C00C65EEA /* WaltReviewOrderTableViewCell.m */ = {isa = PBXFileReference; fileEncoding = 4; lastKnownFileType = sourcecode.c.objc; path = WaltReviewOrderTableViewCell.m; sourceTree = "<group>"; };
		EF62C52519C5AF8300C65EEA /* WaltPaymentViewController.h */ = {isa = PBXFileReference; fileEncoding = 4; lastKnownFileType = sourcecode.c.h; path = WaltPaymentViewController.h; sourceTree = "<group>"; };
		EF62C52619C5AF8300C65EEA /* WaltPaymentViewController.m */ = {isa = PBXFileReference; fileEncoding = 4; lastKnownFileType = sourcecode.c.objc; path = WaltPaymentViewController.m; sourceTree = "<group>"; };
/* End PBXFileReference section */

/* Begin PBXFrameworksBuildPhase section */
		EF62C44B19C5110A00C65EEA /* Frameworks */ = {
			isa = PBXFrameworksBuildPhase;
			buildActionMask = 2147483647;
			files = (
				EF62C48B19C5120C00C65EEA /* CoreBluetooth.framework in Frameworks */,
				EF62C48C19C5120C00C65EEA /* CoreLocation.framework in Frameworks */,
				EF62C45419C5110A00C65EEA /* CoreGraphics.framework in Frameworks */,
				EF62C45619C5110A00C65EEA /* UIKit.framework in Frameworks */,
				EF62C45219C5110A00C65EEA /* Foundation.framework in Frameworks */,
				B3902C94182E4849ADA146EC /* libPods-Walt.a in Frameworks */,
				EF62C48E19C5124000C65EEA /* libEstimoteSDK.a in Frameworks */,
			);
			runOnlyForDeploymentPostprocessing = 0;
		};
		EF62C46F19C5110A00C65EEA /* Frameworks */ = {
			isa = PBXFrameworksBuildPhase;
			buildActionMask = 2147483647;
			files = (
				EF62C47419C5110A00C65EEA /* XCTest.framework in Frameworks */,
				EF62C47619C5110A00C65EEA /* UIKit.framework in Frameworks */,
				EF62C47519C5110A00C65EEA /* Foundation.framework in Frameworks */,
			);
			runOnlyForDeploymentPostprocessing = 0;
		};
/* End PBXFrameworksBuildPhase section */

/* Begin PBXGroup section */
		EF62C44519C5110A00C65EEA = {
			isa = PBXGroup;
			children = (
				EF62C45719C5110A00C65EEA /* Walt */,
				EF62C47919C5110A00C65EEA /* WaltTests */,
				EF62C45019C5110A00C65EEA /* Frameworks */,
				EF62C44F19C5110A00C65EEA /* Products */,
				9E06507ED25C478EB7565CE5 /* Pods-Walt.xcconfig */,
			);
			sourceTree = "<group>";
		};
		EF62C44F19C5110A00C65EEA /* Products */ = {
			isa = PBXGroup;
			children = (
				EF62C44E19C5110A00C65EEA /* Walt.app */,
				EF62C47219C5110A00C65EEA /* WaltTests.xctest */,
			);
			name = Products;
			sourceTree = "<group>";
		};
		EF62C45019C5110A00C65EEA /* Frameworks */ = {
			isa = PBXGroup;
			children = (
				EF62C48D19C5124000C65EEA /* libEstimoteSDK.a */,
				EF62C48919C5120C00C65EEA /* CoreBluetooth.framework */,
				EF62C48A19C5120C00C65EEA /* CoreLocation.framework */,
				EF62C45119C5110A00C65EEA /* Foundation.framework */,
				EF62C45319C5110A00C65EEA /* CoreGraphics.framework */,
				EF62C45519C5110A00C65EEA /* UIKit.framework */,
				EF62C47319C5110A00C65EEA /* XCTest.framework */,
				1D22E42E3BAB4FE1ACBC9A75 /* libPods-Walt.a */,
			);
			name = Frameworks;
			sourceTree = "<group>";
		};
		EF62C45719C5110A00C65EEA /* Walt */ = {
			isa = PBXGroup;
			children = (
				EF62C48F19C5127E00C65EEA /* AppData.h */,
				EF62C49019C5127E00C65EEA /* AppData.m */,
				EF62C46019C5110A00C65EEA /* WaltAppDelegate.h */,
				EF62C46119C5110A00C65EEA /* WaltAppDelegate.m */,
				EF62C49219C513FF00C65EEA /* RestaurantLandingViewController.h */,
				EF62C49319C513FF00C65EEA /* RestaurantLandingViewController.m */,
				EF62C49519C5142200C65EEA /* MenuItem.h */,
				EF62C49619C5142200C65EEA /* MenuItem.m */,
				EF62C49819C5143300C65EEA /* Restaurant.h */,
				EF62C49919C5143300C65EEA /* Restaurant.m */,
				EF62C4B019C5255300C65EEA /* WaltTableViewCell.h */,
				EF4DFB0219C5D03E00F53EBA /* FinalViewController.h */,
				EF4DFB0319C5D03E00F53EBA /* FinalViewController.m */,
				EF62C4B119C5255300C65EEA /* WaltTableViewCell.m */,
				EF62C4B819C5470600C65EEA /* WaltTableViewMenuCell.h */,
				EF62C4B919C5470600C65EEA /* WaltTableViewMenuCell.m */,
				EF62C4D019C5740C00C65EEA /* WaltReviewOrderTableViewCell.h */,
				EF62C4D119C5740C00C65EEA /* WaltReviewOrderTableViewCell.m */,
				EF3F35B519C5B84A0035EBFF /* PaymentTableViewCell.h */,
				EF3F35B619C5B84A0035EBFF /* PaymentTableViewCell.m */,
				EF62C49B19C514F000C65EEA /* WaltMenuTableViewController.h */,
				EF62C49C19C514F000C65EEA /* WaltMenuTableViewController.m */,
				EF62C4CD19C5715E00C65EEA /* WaltConfirmOrderTableViewController.h */,
				EF62C4CE19C5715E00C65EEA /* WaltConfirmOrderTableViewController.m */,
				EF62C52519C5AF8300C65EEA /* WaltPaymentViewController.h */,
				EF62C52619C5AF8300C65EEA /* WaltPaymentViewController.m */,
				EF62C46319C5110A00C65EEA /* Main.storyboard */,
				EF62C46C19C5110A00C65EEA /* Images.xcassets */,
				EF62C49E19C5159500C65EEA /* images */,
				EF62C45819C5110A00C65EEA /* Supporting Files */,
			);
			path = Walt;
			sourceTree = "<group>";
		};
		EF62C45819C5110A00C65EEA /* Supporting Files */ = {
			isa = PBXGroup;
			children = (
				EF62C45919C5110A00C65EEA /* Walt-Info.plist */,
				EF62C45A19C5110A00C65EEA /* InfoPlist.strings */,
				EF62C45D19C5110A00C65EEA /* main.m */,
				EF62C45F19C5110A00C65EEA /* Walt-Prefix.pch */,
			);
			name = "Supporting Files";
			sourceTree = "<group>";
		};
		EF62C47919C5110A00C65EEA /* WaltTests */ = {
			isa = PBXGroup;
			children = (
				EF62C47F19C5110A00C65EEA /* WaltTests.m */,
				EF62C47A19C5110A00C65EEA /* Supporting Files */,
			);
			path = WaltTests;
			sourceTree = "<group>";
		};
		EF62C47A19C5110A00C65EEA /* Supporting Files */ = {
			isa = PBXGroup;
			children = (
				EF62C47B19C5110A00C65EEA /* WaltTests-Info.plist */,
				EF62C47C19C5110A00C65EEA /* InfoPlist.strings */,
			);
			name = "Supporting Files";
			sourceTree = "<group>";
		};
		EF62C49E19C5159500C65EEA /* images */ = {
			isa = PBXGroup;
			children = (
				EF4DFB0019C5CE0500F53EBA /* Checkmark.png */,
				EF4DFAFE19C5C8E300F53EBA /* finish.png */,
				EF3F35B319C5B7960035EBFF /* visa1.png */,
				EF62C4C919C5510400C65EEA /* AddItem.png */,
				EF62C4CA19C5510400C65EEA /* CheckedItem.png */,
				EF62C4B319C5315F00C65EEA /* Menu Items */,
				EF62C4A319C5236400C65EEA /* Stars */,
				EF62C4A119C51A2900C65EEA /* KabobAndCurry.png */,
				EF62C49F19C5163F00C65EEA /* RedButton.png */,
			);
			path = images;
			sourceTree = "<group>";
		};
		EF62C4A319C5236400C65EEA /* Stars */ = {
			isa = PBXGroup;
			children = (
				EF62C4A419C5236400C65EEA /* Stars-0.png */,
				EF62C4A519C5236400C65EEA /* Stars-1.png */,
				EF62C4A619C5236400C65EEA /* Stars-2.png */,
				EF62C4A719C5236400C65EEA /* Stars-3.png */,
				EF62C4A819C5236400C65EEA /* Stars-4.png */,
				EF62C4A919C5236400C65EEA /* Stars-5.png */,
			);
			path = Stars;
			sourceTree = "<group>";
		};
		EF62C4B319C5315F00C65EEA /* Menu Items */ = {
			isa = PBXGroup;
			children = (
				EF62C4C719C550C200C65EEA /* Samosa.png */,
				EF62C4C519C550BA00C65EEA /* PaneerTikka.png */,
				EF62C4C319C550B300C65EEA /* MangoLassi.png */,
				EF62C4C119C550AA00C65EEA /* Kulfi.png */,
				EF62C4BF19C550A400C65EEA /* GulabJamun.png */,
				EF62C4BD19C5509800C65EEA /* EggCurry.png */,
				EF62C4BB19C54F6B00C65EEA /* DalTadka.png */,
				EF62C4B419C5316E00C65EEA /* ChickenBiryani.png */,
				EF62C4B519C5316E00C65EEA /* ShahiPaneer.png */,
			);
			name = "Menu Items";
			sourceTree = "<group>";
		};
/* End PBXGroup section */

/* Begin PBXNativeTarget section */
		EF62C44D19C5110A00C65EEA /* Walt */ = {
			isa = PBXNativeTarget;
			buildConfigurationList = EF62C48319C5110A00C65EEA /* Build configuration list for PBXNativeTarget "Walt" */;
			buildPhases = (
				F847EEFA7F7E43A9BB1CD21A /* Check Pods Manifest.lock */,
				EF62C44A19C5110A00C65EEA /* Sources */,
				EF62C44B19C5110A00C65EEA /* Frameworks */,
				EF62C44C19C5110A00C65EEA /* Resources */,
				F15C1384534B496BBBFF7060 /* Copy Pods Resources */,
			);
			buildRules = (
			);
			dependencies = (
			);
			name = Walt;
			productName = Walt;
			productReference = EF62C44E19C5110A00C65EEA /* Walt.app */;
			productType = "com.apple.product-type.application";
		};
		EF62C47119C5110A00C65EEA /* WaltTests */ = {
			isa = PBXNativeTarget;
			buildConfigurationList = EF62C48619C5110A00C65EEA /* Build configuration list for PBXNativeTarget "WaltTests" */;
			buildPhases = (
				EF62C46E19C5110A00C65EEA /* Sources */,
				EF62C46F19C5110A00C65EEA /* Frameworks */,
				EF62C47019C5110A00C65EEA /* Resources */,
			);
			buildRules = (
			);
			dependencies = (
				EF62C47819C5110A00C65EEA /* PBXTargetDependency */,
			);
			name = WaltTests;
			productName = WaltTests;
			productReference = EF62C47219C5110A00C65EEA /* WaltTests.xctest */;
			productType = "com.apple.product-type.bundle.unit-test";
		};
/* End PBXNativeTarget section */

/* Begin PBXProject section */
		EF62C44619C5110A00C65EEA /* Project object */ = {
			isa = PBXProject;
			attributes = {
				CLASSPREFIX = Walt;
				LastUpgradeCheck = 0510;
				ORGANIZATIONNAME = "Walt Inc.";
				TargetAttributes = {
					EF62C44D19C5110A00C65EEA = {
						DevelopmentTeam = XP3T6Z4XJW;
					};
					EF62C47119C5110A00C65EEA = {
						TestTargetID = EF62C44D19C5110A00C65EEA;
					};
				};
			};
			buildConfigurationList = EF62C44919C5110A00C65EEA /* Build configuration list for PBXProject "Walt" */;
			compatibilityVersion = "Xcode 3.2";
			developmentRegion = English;
			hasScannedForEncodings = 0;
			knownRegions = (
				en,
				Base,
			);
			mainGroup = EF62C44519C5110A00C65EEA;
			productRefGroup = EF62C44F19C5110A00C65EEA /* Products */;
			projectDirPath = "";
			projectRoot = "";
			targets = (
				EF62C44D19C5110A00C65EEA /* Walt */,
				EF62C47119C5110A00C65EEA /* WaltTests */,
			);
		};
/* End PBXProject section */

/* Begin PBXResourcesBuildPhase section */
		EF62C44C19C5110A00C65EEA /* Resources */ = {
			isa = PBXResourcesBuildPhase;
			buildActionMask = 2147483647;
			files = (
				EF62C46D19C5110A00C65EEA /* Images.xcassets in Resources */,
				EF62C4B719C5316E00C65EEA /* ShahiPaneer.png in Resources */,
				EF62C4B619C5316E00C65EEA /* ChickenBiryani.png in Resources */,
				EF62C4A219C51A2900C65EEA /* KabobAndCurry.png in Resources */,
				EF4DFB0119C5CE0500F53EBA /* Checkmark.png in Resources */,
				EF62C4C219C550AA00C65EEA /* Kulfi.png in Resources */,
				EF62C4AC19C5236400C65EEA /* Stars-2.png in Resources */,
				EF62C4CB19C5510400C65EEA /* AddItem.png in Resources */,
				EF62C45C19C5110A00C65EEA /* InfoPlist.strings in Resources */,
				EF62C4AE19C5236400C65EEA /* Stars-4.png in Resources */,
				EF62C4C619C550BA00C65EEA /* PaneerTikka.png in Resources */,
				EF62C4C019C550A400C65EEA /* GulabJamun.png in Resources */,
				EF62C4AD19C5236400C65EEA /* Stars-3.png in Resources */,
				EF62C4AF19C5236400C65EEA /* Stars-5.png in Resources */,
				EF62C4BC19C54F6B00C65EEA /* DalTadka.png in Resources */,
				EF62C4CC19C5510400C65EEA /* CheckedItem.png in Resources */,
				EF62C4C819C550C200C65EEA /* Samosa.png in Resources */,
				EF62C4BE19C5509800C65EEA /* EggCurry.png in Resources */,
				EF62C46519C5110A00C65EEA /* Main.storyboard in Resources */,
				EF62C4AB19C5236400C65EEA /* Stars-1.png in Resources */,
				EF62C4C419C550B300C65EEA /* MangoLassi.png in Resources */,
				EF3F35B419C5B7960035EBFF /* visa1.png in Resources */,
				EF62C4AA19C5236400C65EEA /* Stars-0.png in Resources */,
				EF4DFAFF19C5C8E300F53EBA /* finish.png in Resources */,
				EF62C4A019C5163F00C65EEA /* RedButton.png in Resources */,
			);
			runOnlyForDeploymentPostprocessing = 0;
		};
		EF62C47019C5110A00C65EEA /* Resources */ = {
			isa = PBXResourcesBuildPhase;
			buildActionMask = 2147483647;
			files = (
				EF62C47E19C5110A00C65EEA /* InfoPlist.strings in Resources */,
			);
			runOnlyForDeploymentPostprocessing = 0;
		};
/* End PBXResourcesBuildPhase section */

/* Begin PBXShellScriptBuildPhase section */
		F15C1384534B496BBBFF7060 /* Copy Pods Resources */ = {
			isa = PBXShellScriptBuildPhase;
			buildActionMask = 2147483647;
			files = (
			);
			inputPaths = (
			);
			name = "Copy Pods Resources";
			outputPaths = (
			);
			runOnlyForDeploymentPostprocessing = 0;
			shellPath = /bin/sh;
			shellScript = "\"${SRCROOT}/Pods/Pods-Walt-resources.sh\"\n";
			showEnvVarsInLog = 0;
		};
		F847EEFA7F7E43A9BB1CD21A /* Check Pods Manifest.lock */ = {
			isa = PBXShellScriptBuildPhase;
			buildActionMask = 2147483647;
			files = (
			);
			inputPaths = (
			);
			name = "Check Pods Manifest.lock";
			outputPaths = (
			);
			runOnlyForDeploymentPostprocessing = 0;
			shellPath = /bin/sh;
			shellScript = "diff \"${PODS_ROOT}/../Podfile.lock\" \"${PODS_ROOT}/Manifest.lock\" > /dev/null\nif [[ $? != 0 ]] ; then\n    cat << EOM\nerror: The sandbox is not in sync with the Podfile.lock. Run 'pod install' or update your CocoaPods installation.\nEOM\n    exit 1\nfi\n";
			showEnvVarsInLog = 0;
		};
/* End PBXShellScriptBuildPhase section */

/* Begin PBXSourcesBuildPhase section */
		EF62C44A19C5110A00C65EEA /* Sources */ = {
			isa = PBXSourcesBuildPhase;
			buildActionMask = 2147483647;
			files = (
				EF62C46219C5110A00C65EEA /* WaltAppDelegate.m in Sources */,
				EF62C4B219C5255300C65EEA /* WaltTableViewCell.m in Sources */,
				EF62C45E19C5110A00C65EEA /* main.m in Sources */,
				EF62C4D219C5740C00C65EEA /* WaltReviewOrderTableViewCell.m in Sources */,
				EF62C4CF19C5715E00C65EEA /* WaltConfirmOrderTableViewController.m in Sources */,
				EF3F35B719C5B84A0035EBFF /* PaymentTableViewCell.m in Sources */,
				EF62C49119C5127E00C65EEA /* AppData.m in Sources */,
				EF62C49D19C514F000C65EEA /* WaltMenuTableViewController.m in Sources */,
				EF62C49419C513FF00C65EEA /* RestaurantLandingViewController.m in Sources */,
				EF62C49A19C5143300C65EEA /* Restaurant.m in Sources */,
				EF62C49719C5142200C65EEA /* MenuItem.m in Sources */,
				EF62C4BA19C5470600C65EEA /* WaltTableViewMenuCell.m in Sources */,
				EF62C52719C5AF8300C65EEA /* WaltPaymentViewController.m in Sources */,
				EF4DFB0419C5D03E00F53EBA /* FinalViewController.m in Sources */,
			);
			runOnlyForDeploymentPostprocessing = 0;
		};
		EF62C46E19C5110A00C65EEA /* Sources */ = {
			isa = PBXSourcesBuildPhase;
			buildActionMask = 2147483647;
			files = (
				EF62C48019C5110A00C65EEA /* WaltTests.m in Sources */,
			);
			runOnlyForDeploymentPostprocessing = 0;
		};
/* End PBXSourcesBuildPhase section */

/* Begin PBXTargetDependency section */
		EF62C47819C5110A00C65EEA /* PBXTargetDependency */ = {
			isa = PBXTargetDependency;
			target = EF62C44D19C5110A00C65EEA /* Walt */;
			targetProxy = EF62C47719C5110A00C65EEA /* PBXContainerItemProxy */;
		};
/* End PBXTargetDependency section */

/* Begin PBXVariantGroup section */
		EF62C45A19C5110A00C65EEA /* InfoPlist.strings */ = {
			isa = PBXVariantGroup;
			children = (
				EF62C45B19C5110A00C65EEA /* en */,
			);
			name = InfoPlist.strings;
			sourceTree = "<group>";
		};
		EF62C46319C5110A00C65EEA /* Main.storyboard */ = {
			isa = PBXVariantGroup;
			children = (
				EF62C46419C5110A00C65EEA /* Base */,
			);
			name = Main.storyboard;
			sourceTree = "<group>";
		};
		EF62C47C19C5110A00C65EEA /* InfoPlist.strings */ = {
			isa = PBXVariantGroup;
			children = (
				EF62C47D19C5110A00C65EEA /* en */,
			);
			name = InfoPlist.strings;
			sourceTree = "<group>";
		};
/* End PBXVariantGroup section */

/* Begin XCBuildConfiguration section */
		EF62C48119C5110A00C65EEA /* Debug */ = {
			isa = XCBuildConfiguration;
			buildSettings = {
				ALWAYS_SEARCH_USER_PATHS = NO;
				CLANG_CXX_LANGUAGE_STANDARD = "gnu++0x";
				CLANG_CXX_LIBRARY = "libc++";
				CLANG_ENABLE_MODULES = YES;
				CLANG_ENABLE_OBJC_ARC = YES;
				CLANG_WARN_BOOL_CONVERSION = YES;
				CLANG_WARN_CONSTANT_CONVERSION = YES;
				CLANG_WARN_DIRECT_OBJC_ISA_USAGE = YES_ERROR;
				CLANG_WARN_EMPTY_BODY = YES;
				CLANG_WARN_ENUM_CONVERSION = YES;
				CLANG_WARN_INT_CONVERSION = YES;
				CLANG_WARN_OBJC_ROOT_CLASS = YES_ERROR;
				CLANG_WARN__DUPLICATE_METHOD_MATCH = YES;
				"CODE_SIGN_IDENTITY[sdk=iphoneos*]" = "iPhone Developer";
				COPY_PHASE_STRIP = NO;
				GCC_C_LANGUAGE_STANDARD = gnu99;
				GCC_DYNAMIC_NO_PIC = NO;
				GCC_OPTIMIZATION_LEVEL = 0;
				GCC_PREPROCESSOR_DEFINITIONS = (
					"DEBUG=1",
					"$(inherited)",
				);
				GCC_SYMBOLS_PRIVATE_EXTERN = NO;
				GCC_WARN_64_TO_32_BIT_CONVERSION = YES;
				GCC_WARN_ABOUT_RETURN_TYPE = YES_ERROR;
				GCC_WARN_UNDECLARED_SELECTOR = YES;
				GCC_WARN_UNINITIALIZED_AUTOS = YES_AGGRESSIVE;
				GCC_WARN_UNUSED_FUNCTION = YES;
				GCC_WARN_UNUSED_VARIABLE = YES;
				IPHONEOS_DEPLOYMENT_TARGET = 7.1;
				ONLY_ACTIVE_ARCH = YES;
				SDKROOT = iphoneos;
			};
			name = Debug;
		};
		EF62C48219C5110A00C65EEA /* Release */ = {
			isa = XCBuildConfiguration;
			buildSettings = {
				ALWAYS_SEARCH_USER_PATHS = NO;
				CLANG_CXX_LANGUAGE_STANDARD = "gnu++0x";
				CLANG_CXX_LIBRARY = "libc++";
				CLANG_ENABLE_MODULES = YES;
				CLANG_ENABLE_OBJC_ARC = YES;
				CLANG_WARN_BOOL_CONVERSION = YES;
				CLANG_WARN_CONSTANT_CONVERSION = YES;
				CLANG_WARN_DIRECT_OBJC_ISA_USAGE = YES_ERROR;
				CLANG_WARN_EMPTY_BODY = YES;
				CLANG_WARN_ENUM_CONVERSION = YES;
				CLANG_WARN_INT_CONVERSION = YES;
				CLANG_WARN_OBJC_ROOT_CLASS = YES_ERROR;
				CLANG_WARN__DUPLICATE_METHOD_MATCH = YES;
				"CODE_SIGN_IDENTITY[sdk=iphoneos*]" = "iPhone Developer";
				COPY_PHASE_STRIP = YES;
				ENABLE_NS_ASSERTIONS = NO;
				GCC_C_LANGUAGE_STANDARD = gnu99;
				GCC_WARN_64_TO_32_BIT_CONVERSION = YES;
				GCC_WARN_ABOUT_RETURN_TYPE = YES_ERROR;
				GCC_WARN_UNDECLARED_SELECTOR = YES;
				GCC_WARN_UNINITIALIZED_AUTOS = YES_AGGRESSIVE;
				GCC_WARN_UNUSED_FUNCTION = YES;
				GCC_WARN_UNUSED_VARIABLE = YES;
				IPHONEOS_DEPLOYMENT_TARGET = 7.1;
				ONLY_ACTIVE_ARCH = YES;
				SDKROOT = iphoneos;
				VALIDATE_PRODUCT = YES;
			};
			name = Release;
		};
		EF62C48419C5110A00C65EEA /* Debug */ = {
			isa = XCBuildConfiguration;
			baseConfigurationReference = 9E06507ED25C478EB7565CE5 /* Pods-Walt.xcconfig */;
			buildSettings = {
				ASSETCATALOG_COMPILER_APPICON_NAME = AppIcon;
				ASSETCATALOG_COMPILER_LAUNCHIMAGE_NAME = LaunchImage;
				CODE_SIGN_IDENTITY = "iPhone Developer: Krishna Aluru (SR7D3G4832)";
				"CODE_SIGN_IDENTITY[sdk=iphoneos*]" = "iPhone Developer";
				GCC_PRECOMPILE_PREFIX_HEADER = YES;
				GCC_PREFIX_HEADER = "Walt/Walt-Prefix.pch";
				INFOPLIST_FILE = "Walt/Walt-Info.plist";
				LIBRARY_SEARCH_PATHS = (
					"$(inherited)",
					"$(PROJECT_DIR)",
				);
				PRODUCT_NAME = "$(TARGET_NAME)";
				PROVISIONING_PROFILE = "cab3c49e-4c0a-4f89-a4b3-20297f316a00";
				WRAPPER_EXTENSION = app;
			};
			name = Debug;
		};
		EF62C48519C5110A00C65EEA /* Release */ = {
			isa = XCBuildConfiguration;
			baseConfigurationReference = 9E06507ED25C478EB7565CE5 /* Pods-Walt.xcconfig */;
			buildSettings = {
				ASSETCATALOG_COMPILER_APPICON_NAME = AppIcon;
				ASSETCATALOG_COMPILER_LAUNCHIMAGE_NAME = LaunchImage;
				CODE_SIGN_IDENTITY = "iPhone Developer: Krishna Aluru (SR7D3G4832)";
				"CODE_SIGN_IDENTITY[sdk=iphoneos*]" = "iPhone Developer";
				GCC_PRECOMPILE_PREFIX_HEADER = YES;
				GCC_PREFIX_HEADER = "Walt/Walt-Prefix.pch";
				INFOPLIST_FILE = "Walt/Walt-Info.plist";
				LIBRARY_SEARCH_PATHS = (
					"$(inherited)",
					"$(PROJECT_DIR)",
				);
				PRODUCT_NAME = "$(TARGET_NAME)";
				PROVISIONING_PROFILE = "cab3c49e-4c0a-4f89-a4b3-20297f316a00";
				WRAPPER_EXTENSION = app;
			};
			name = Release;
		};
		EF62C48719C5110A00C65EEA /* Debug */ = {
			isa = XCBuildConfiguration;
			buildSettings = {
				BUNDLE_LOADER = "$(BUILT_PRODUCTS_DIR)/Walt.app/Walt";
				FRAMEWORK_SEARCH_PATHS = (
					"$(SDKROOT)/Developer/Library/Frameworks",
					"$(inherited)",
					"$(DEVELOPER_FRAMEWORKS_DIR)",
				);
				GCC_PRECOMPILE_PREFIX_HEADER = YES;
				GCC_PREFIX_HEADER = "Walt/Walt-Prefix.pch";
				GCC_PREPROCESSOR_DEFINITIONS = (
					"DEBUG=1",
					"$(inherited)",
				);
				INFOPLIST_FILE = "WaltTests/WaltTests-Info.plist";
				PRODUCT_NAME = "$(TARGET_NAME)";
				TEST_HOST = "$(BUNDLE_LOADER)";
				WRAPPER_EXTENSION = xctest;
			};
			name = Debug;
		};
		EF62C48819C5110A00C65EEA /* Release */ = {
			isa = XCBuildConfiguration;
			buildSettings = {
				BUNDLE_LOADER = "$(BUILT_PRODUCTS_DIR)/Walt.app/Walt";
				FRAMEWORK_SEARCH_PATHS = (
					"$(SDKROOT)/Developer/Library/Frameworks",
					"$(inherited)",
					"$(DEVELOPER_FRAMEWORKS_DIR)",
				);
				GCC_PRECOMPILE_PREFIX_HEADER = YES;
				GCC_PREFIX_HEADER = "Walt/Walt-Prefix.pch";
				INFOPLIST_FILE = "WaltTests/WaltTests-Info.plist";
				PRODUCT_NAME = "$(TARGET_NAME)";
				TEST_HOST = "$(BUNDLE_LOADER)";
				WRAPPER_EXTENSION = xctest;
			};
			name = Release;
		};
/* End XCBuildConfiguration section */

/* Begin XCConfigurationList section */
		EF62C44919C5110A00C65EEA /* Build configuration list for PBXProject "Walt" */ = {
			isa = XCConfigurationList;
			buildConfigurations = (
				EF62C48119C5110A00C65EEA /* Debug */,
				EF62C48219C5110A00C65EEA /* Release */,
			);
			defaultConfigurationIsVisible = 0;
			defaultConfigurationName = Release;
		};
		EF62C48319C5110A00C65EEA /* Build configuration list for PBXNativeTarget "Walt" */ = {
			isa = XCConfigurationList;
			buildConfigurations = (
				EF62C48419C5110A00C65EEA /* Debug */,
				EF62C48519C5110A00C65EEA /* Release */,
			);
			defaultConfigurationIsVisible = 0;
			defaultConfigurationName = Release;
		};
		EF62C48619C5110A00C65EEA /* Build configuration list for PBXNativeTarget "WaltTests" */ = {
			isa = XCConfigurationList;
			buildConfigurations = (
				EF62C48719C5110A00C65EEA /* Debug */,
				EF62C48819C5110A00C65EEA /* Release */,
			);
			defaultConfigurationIsVisible = 0;
			defaultConfigurationName = Release;
		};
/* End XCConfigurationList section */
	};
	rootObject = EF62C44619C5110A00C65EEA /* Project object */;
}
